PODS:
  - ObjectMapper (2.0.0)
  - SDWebImage (3.8.2):
    - SDWebImage/Core (= 3.8.2)
  - SDWebImage/Core (3.8.2)
  - SwiftyUserDefaults (3.0.0)

DEPENDENCIES:
  - ObjectMapper
  - SDWebImage (~> 3.8)
  - SwiftyUserDefaults

SPEC CHECKSUMS:
  ObjectMapper: aed2570edabbd3c9b26c939e1cabdb6558f933e0
  SDWebImage: 098e97e6176540799c27e804c96653ee0833d13c
  SwiftyUserDefaults: 0f1d45fc3aafb9064dac661e367f8f83fe21a4b4

PODFILE CHECKSUM: d2b930135f913f35d4451692b56de45ee103eb74

COCOAPODS: 1.1.1
