// !$*UTF8*$!
{
	archiveVersion = 1;
	classes = {
	};
	objectVersion = 46;
	objects = {

/* Begin PBXBuildFile section */
		2D77F8371E256EA200BAA219 /* AuthManager.swift in Sources */ = {isa = PBXBuildFile; fileRef = 2D77F8361E256EA200BAA219 /* AuthManager.swift */; };
		2D77F83B1E25752300BAA219 /* UIViewController + Utils.swift in Sources */ = {isa = PBXBuildFile; fileRef = 2D77F83A1E25752300BAA219 /* UIViewController + Utils.swift */; };
		2D77F8471E259A9C00BAA219 /* BaseViewController.swift in Sources */ = {isa = PBXBuildFile; fileRef = 2D77F8461E259A9C00BAA219 /* BaseViewController.swift */; };
		2D77F8521E259F8700BAA219 /* AddViewController.swift in Sources */ = {isa = PBXBuildFile; fileRef = 2D77F84D1E259F8700BAA219 /* AddViewController.swift */; };
		2D77F8531E259F8700BAA219 /* HomeViewController.swift in Sources */ = {isa = PBXBuildFile; fileRef = 2D77F84F1E259F8700BAA219 /* HomeViewController.swift */; };
		2D77F8541E259F8700BAA219 /* SettingsViewController.swift in Sources */ = {isa = PBXBuildFile; fileRef = 2D77F8511E259F8700BAA219 /* SettingsViewController.swift */; };
		2D77F8591E25A0BA00BAA219 /* DialoguesViewController.swift in Sources */ = {isa = PBXBuildFile; fileRef = 2D77F8581E25A0BA00BAA219 /* DialoguesViewController.swift */; };
		2D77F85B1E25A0D000BAA219 /* NewsViewController.swift in Sources */ = {isa = PBXBuildFile; fileRef = 2D77F85A1E25A0D000BAA219 /* NewsViewController.swift */; };
		2D77F85D1E25A0E400BAA219 /* ProfileViewController.swift in Sources */ = {isa = PBXBuildFile; fileRef = 2D77F85C1E25A0E400BAA219 /* ProfileViewController.swift */; };
		2D77F85F1E25A0FF00BAA219 /* Home.storyboard in Resources */ = {isa = PBXBuildFile; fileRef = 2D77F85E1E25A0FF00BAA219 /* Home.storyboard */; };
		2D77F8621E25A1DA00BAA219 /* FriendsViewController.swift in Sources */ = {isa = PBXBuildFile; fileRef = 2D77F8611E25A1DA00BAA219 /* FriendsViewController.swift */; };
		2D77F8641E25A64500BAA219 /* MainViewController.swift in Sources */ = {isa = PBXBuildFile; fileRef = 2D77F8631E25A64500BAA219 /* MainViewController.swift */; };
		2D77F8681E25C2D400BAA219 /* Add.storyboard in Resources */ = {isa = PBXBuildFile; fileRef = 2D77F8671E25C2D400BAA219 /* Add.storyboard */; };
		2D77F86A1E262AC800BAA219 /* Settings.storyboard in Resources */ = {isa = PBXBuildFile; fileRef = 2D77F8691E262AC800BAA219 /* Settings.storyboard */; };
		2D77F86C1E262E8F00BAA219 /* Profile.storyboard in Resources */ = {isa = PBXBuildFile; fileRef = 2D77F86B1E262E8F00BAA219 /* Profile.storyboard */; };
		2D77F8701E2630C400BAA219 /* Friends.storyboard in Resources */ = {isa = PBXBuildFile; fileRef = 2D77F86F1E2630C400BAA219 /* Friends.storyboard */; };
		2D77F8731E263AF900BAA219 /* AppManager.swift in Sources */ = {isa = PBXBuildFile; fileRef = 2D77F8721E263AF900BAA219 /* AppManager.swift */; };
		2D77F8751E263C6A00BAA219 /* SwiftyUserDefaults.framework in Frameworks */ = {isa = PBXBuildFile; fileRef = 2D77F8741E263C6A00BAA219 /* SwiftyUserDefaults.framework */; };
		2D77F87B1E267AAF00BAA219 /* AccessToken.swift in Sources */ = {isa = PBXBuildFile; fileRef = 2D77F8771E267AAF00BAA219 /* AccessToken.swift */; };
		2D77F87C1E267AAF00BAA219 /* TabBarItem.swift in Sources */ = {isa = PBXBuildFile; fileRef = 2D77F8791E267AAF00BAA219 /* TabBarItem.swift */; };
		2D77F87F1E267B7000BAA219 /* BaseModel.swift in Sources */ = {isa = PBXBuildFile; fileRef = 2D77F87E1E267B7000BAA219 /* BaseModel.swift */; };
		2D77F8811E267BAF00BAA219 /* User.swift in Sources */ = {isa = PBXBuildFile; fileRef = 2D77F8801E267BAF00BAA219 /* User.swift */; };
		2D77F8871E26A31100BAA219 /* MyProfileAPI.swift in Sources */ = {isa = PBXBuildFile; fileRef = 2D77F8861E26A31100BAA219 /* MyProfileAPI.swift */; };
		2D77F88A1E26AA2700BAA219 /* Profile.swift in Sources */ = {isa = PBXBuildFile; fileRef = 2D77F8891E26AA2700BAA219 /* Profile.swift */; };
		2D77F88C1E26AD8700BAA219 /* AlamofireObjectMapper.framework in Frameworks */ = {isa = PBXBuildFile; fileRef = 2D77F88B1E26AD8700BAA219 /* AlamofireObjectMapper.framework */; };
		2D77F88E1E26ADB300BAA219 /* ObjectMapper.framework in Frameworks */ = {isa = PBXBuildFile; fileRef = 2D77F88D1E26ADB300BAA219 /* ObjectMapper.framework */; };
		2D77F8911E26B3C600BAA219 /* ApiManager.swift in Sources */ = {isa = PBXBuildFile; fileRef = 2D77F8901E26B3C600BAA219 /* ApiManager.swift */; };
		2D77F8951E26EFDB00BAA219 /* City.swift in Sources */ = {isa = PBXBuildFile; fileRef = 2D77F8941E26EFDB00BAA219 /* City.swift */; };
		2D77F8971E26F02800BAA219 /* Country.swift in Sources */ = {isa = PBXBuildFile; fileRef = 2D77F8961E26F02800BAA219 /* Country.swift */; };
		2DE8E7961E2504EA002E64DB /* AppDelegate.swift in Sources */ = {isa = PBXBuildFile; fileRef = 2DE8E7891E2504EA002E64DB /* AppDelegate.swift */; };
		2DE8E7971E2504EA002E64DB /* Info.plist in Resources */ = {isa = PBXBuildFile; fileRef = 2DE8E78A1E2504EA002E64DB /* Info.plist */; };
		2DE8E7991E2504EA002E64DB /* Assets.xcassets in Resources */ = {isa = PBXBuildFile; fileRef = 2DE8E7901E2504EA002E64DB /* Assets.xcassets */; };
		2DE8E79A1E2504EA002E64DB /* LaunchScreen.storyboard in Resources */ = {isa = PBXBuildFile; fileRef = 2DE8E7911E2504EA002E64DB /* LaunchScreen.storyboard */; };
		2DE8E79B1E2504EA002E64DB /* Main.storyboard in Resources */ = {isa = PBXBuildFile; fileRef = 2DE8E7931E2504EA002E64DB /* Main.storyboard */; };
		2DE8E79E1E251F18002E64DB /* LoginViewController.swift in Sources */ = {isa = PBXBuildFile; fileRef = 2DE8E79D1E251F18002E64DB /* LoginViewController.swift */; };
		2DE8E7A21E251F90002E64DB /* Login.storyboard in Resources */ = {isa = PBXBuildFile; fileRef = 2DE8E7A11E251F90002E64DB /* Login.storyboard */; };
		2DE8E7B01E253315002E64DB /* Constants.swift in Sources */ = {isa = PBXBuildFile; fileRef = 2DE8E7AF1E253315002E64DB /* Constants.swift */; };
		2DE8E7B21E25448F002E64DB /* BaseAPI.swift in Sources */ = {isa = PBXBuildFile; fileRef = 2DE8E7B11E25448F002E64DB /* BaseAPI.swift */; };
		2DE8E7B41E2544B1002E64DB /* Alamofire.framework in Frameworks */ = {isa = PBXBuildFile; fileRef = 2DE8E7B31E2544B1002E64DB /* Alamofire.framework */; };
		2DE8E7B71E255363002E64DB /* AuthViewController.swift in Sources */ = {isa = PBXBuildFile; fileRef = 2DE8E7B61E255363002E64DB /* AuthViewController.swift */; };
		A7A3D5AF30369CC54FF1A8EC /* Pods_VKApp.framework in Frameworks */ = {isa = PBXBuildFile; fileRef = 0483D497921F7302641FB148 /* Pods_VKApp.framework */; };
/* End PBXBuildFile section */

/* Begin PBXFileReference section */
		0483D497921F7302641FB148 /* Pods_VKApp.framework */ = {isa = PBXFileReference; explicitFileType = wrapper.framework; includeInIndex = 0; path = Pods_VKApp.framework; sourceTree = BUILT_PRODUCTS_DIR; };
		2D77F8361E256EA200BAA219 /* AuthManager.swift */ = {isa = PBXFileReference; fileEncoding = 4; lastKnownFileType = sourcecode.swift; path = AuthManager.swift; sourceTree = "<group>"; };
		2D77F83A1E25752300BAA219 /* UIViewController + Utils.swift */ = {isa = PBXFileReference; fileEncoding = 4; lastKnownFileType = sourcecode.swift; path = "UIViewController + Utils.swift"; sourceTree = "<group>"; };
		2D77F8461E259A9C00BAA219 /* BaseViewController.swift */ = {isa = PBXFileReference; fileEncoding = 4; lastKnownFileType = sourcecode.swift; path = BaseViewController.swift; sourceTree = "<group>"; };
		2D77F84D1E259F8700BAA219 /* AddViewController.swift */ = {isa = PBXFileReference; fileEncoding = 4; lastKnownFileType = sourcecode.swift; path = AddViewController.swift; sourceTree = "<group>"; };
		2D77F84F1E259F8700BAA219 /* HomeViewController.swift */ = {isa = PBXFileReference; fileEncoding = 4; lastKnownFileType = sourcecode.swift; path = HomeViewController.swift; sourceTree = "<group>"; };
		2D77F8511E259F8700BAA219 /* SettingsViewController.swift */ = {isa = PBXFileReference; fileEncoding = 4; lastKnownFileType = sourcecode.swift; path = SettingsViewController.swift; sourceTree = "<group>"; };
		2D77F8581E25A0BA00BAA219 /* DialoguesViewController.swift */ = {isa = PBXFileReference; fileEncoding = 4; lastKnownFileType = sourcecode.swift; path = DialoguesViewController.swift; sourceTree = "<group>"; };
		2D77F85A1E25A0D000BAA219 /* NewsViewController.swift */ = {isa = PBXFileReference; fileEncoding = 4; lastKnownFileType = sourcecode.swift; path = NewsViewController.swift; sourceTree = "<group>"; };
		2D77F85C1E25A0E400BAA219 /* ProfileViewController.swift */ = {isa = PBXFileReference; fileEncoding = 4; lastKnownFileType = sourcecode.swift; path = ProfileViewController.swift; sourceTree = "<group>"; };
		2D77F85E1E25A0FF00BAA219 /* Home.storyboard */ = {isa = PBXFileReference; fileEncoding = 4; lastKnownFileType = file.storyboard; path = Home.storyboard; sourceTree = "<group>"; };
		2D77F8611E25A1DA00BAA219 /* FriendsViewController.swift */ = {isa = PBXFileReference; fileEncoding = 4; lastKnownFileType = sourcecode.swift; path = FriendsViewController.swift; sourceTree = "<group>"; };
		2D77F8631E25A64500BAA219 /* MainViewController.swift */ = {isa = PBXFileReference; fileEncoding = 4; lastKnownFileType = sourcecode.swift; path = MainViewController.swift; sourceTree = "<group>"; };
		2D77F8671E25C2D400BAA219 /* Add.storyboard */ = {isa = PBXFileReference; fileEncoding = 4; lastKnownFileType = file.storyboard; path = Add.storyboard; sourceTree = "<group>"; };
		2D77F8691E262AC800BAA219 /* Settings.storyboard */ = {isa = PBXFileReference; fileEncoding = 4; lastKnownFileType = file.storyboard; path = Settings.storyboard; sourceTree = "<group>"; };
		2D77F86B1E262E8F00BAA219 /* Profile.storyboard */ = {isa = PBXFileReference; fileEncoding = 4; lastKnownFileType = file.storyboard; path = Profile.storyboard; sourceTree = "<group>"; };
		2D77F86F1E2630C400BAA219 /* Friends.storyboard */ = {isa = PBXFileReference; fileEncoding = 4; lastKnownFileType = file.storyboard; path = Friends.storyboard; sourceTree = "<group>"; };
		2D77F8721E263AF900BAA219 /* AppManager.swift */ = {isa = PBXFileReference; fileEncoding = 4; lastKnownFileType = sourcecode.swift; path = AppManager.swift; sourceTree = "<group>"; };
		2D77F8741E263C6A00BAA219 /* SwiftyUserDefaults.framework */ = {isa = PBXFileReference; lastKnownFileType = wrapper.framework; name = SwiftyUserDefaults.framework; path = "../../../Library/Developer/Xcode/DerivedData/VKApp-ghmndtuiotrbxuajwrwtquparqvj/Build/Products/Debug-iphonesimulator/SwiftyUserDefaults/SwiftyUserDefaults.framework"; sourceTree = "<group>"; };
		2D77F8771E267AAF00BAA219 /* AccessToken.swift */ = {isa = PBXFileReference; fileEncoding = 4; lastKnownFileType = sourcecode.swift; path = AccessToken.swift; sourceTree = "<group>"; };
		2D77F8791E267AAF00BAA219 /* TabBarItem.swift */ = {isa = PBXFileReference; fileEncoding = 4; lastKnownFileType = sourcecode.swift; path = TabBarItem.swift; sourceTree = "<group>"; };
		2D77F87E1E267B7000BAA219 /* BaseModel.swift */ = {isa = PBXFileReference; fileEncoding = 4; lastKnownFileType = sourcecode.swift; path = BaseModel.swift; sourceTree = "<group>"; };
		2D77F8801E267BAF00BAA219 /* User.swift */ = {isa = PBXFileReference; fileEncoding = 4; lastKnownFileType = sourcecode.swift; path = User.swift; sourceTree = "<group>"; };
		2D77F8861E26A31100BAA219 /* MyProfileAPI.swift */ = {isa = PBXFileReference; fileEncoding = 4; lastKnownFileType = sourcecode.swift; path = MyProfileAPI.swift; sourceTree = "<group>"; };
		2D77F8891E26AA2700BAA219 /* Profile.swift */ = {isa = PBXFileReference; fileEncoding = 4; lastKnownFileType = sourcecode.swift; path = Profile.swift; sourceTree = "<group>"; };
		2D77F88B1E26AD8700BAA219 /* AlamofireObjectMapper.framework */ = {isa = PBXFileReference; lastKnownFileType = wrapper.framework; name = AlamofireObjectMapper.framework; path = "../../../Library/Developer/Xcode/DerivedData/VKApp-ghmndtuiotrbxuajwrwtquparqvj/Build/Products/Debug-iphonesimulator/AlamofireObjectMapper/AlamofireObjectMapper.framework"; sourceTree = "<group>"; };
		2D77F88D1E26ADB300BAA219 /* ObjectMapper.framework */ = {isa = PBXFileReference; lastKnownFileType = wrapper.framework; name = ObjectMapper.framework; path = "../../../Library/Developer/Xcode/DerivedData/VKApp-ghmndtuiotrbxuajwrwtquparqvj/Build/Products/Debug-iphonesimulator/ObjectMapper/ObjectMapper.framework"; sourceTree = "<group>"; };
		2D77F8901E26B3C600BAA219 /* ApiManager.swift */ = {isa = PBXFileReference; fileEncoding = 4; lastKnownFileType = sourcecode.swift; path = ApiManager.swift; sourceTree = "<group>"; };
		2D77F8941E26EFDB00BAA219 /* City.swift */ = {isa = PBXFileReference; fileEncoding = 4; lastKnownFileType = sourcecode.swift; path = City.swift; sourceTree = "<group>"; };
		2D77F8961E26F02800BAA219 /* Country.swift */ = {isa = PBXFileReference; fileEncoding = 4; lastKnownFileType = sourcecode.swift; path = Country.swift; sourceTree = "<group>"; };
		2DE8E7731E250195002E64DB /* VKApp.app */ = {isa = PBXFileReference; explicitFileType = wrapper.application; includeInIndex = 0; path = VKApp.app; sourceTree = BUILT_PRODUCTS_DIR; };
		2DE8E7891E2504EA002E64DB /* AppDelegate.swift */ = {isa = PBXFileReference; fileEncoding = 4; lastKnownFileType = sourcecode.swift; path = AppDelegate.swift; sourceTree = "<group>"; };
		2DE8E78A1E2504EA002E64DB /* Info.plist */ = {isa = PBXFileReference; fileEncoding = 4; lastKnownFileType = text.plist.xml; path = Info.plist; sourceTree = "<group>"; };
		2DE8E7901E2504EA002E64DB /* Assets.xcassets */ = {isa = PBXFileReference; lastKnownFileType = folder.assetcatalog; path = Assets.xcassets; sourceTree = "<group>"; };
		2DE8E7921E2504EA002E64DB /* Base */ = {isa = PBXFileReference; lastKnownFileType = file.storyboard; name = Base; path = Base.lproj/LaunchScreen.storyboard; sourceTree = "<group>"; };
		2DE8E7941E2504EA002E64DB /* Base */ = {isa = PBXFileReference; lastKnownFileType = file.storyboard; name = Base; path = Base.lproj/Main.storyboard; sourceTree = "<group>"; };
		2DE8E79D1E251F18002E64DB /* LoginViewController.swift */ = {isa = PBXFileReference; fileEncoding = 4; lastKnownFileType = sourcecode.swift; path = LoginViewController.swift; sourceTree = "<group>"; };
		2DE8E7A11E251F90002E64DB /* Login.storyboard */ = {isa = PBXFileReference; fileEncoding = 4; lastKnownFileType = file.storyboard; path = Login.storyboard; sourceTree = "<group>"; };
		2DE8E7A71E252FA3002E64DB /* VK_ios_sdk.framework */ = {isa = PBXFileReference; lastKnownFileType = wrapper.framework; name = VK_ios_sdk.framework; path = "../../../Library/Developer/Xcode/DerivedData/VKApp-ghmndtuiotrbxuajwrwtquparqvj/Build/Products/Debug-iphonesimulator/VK-ios-sdk/VK_ios_sdk.framework"; sourceTree = "<group>"; };
		2DE8E7AF1E253315002E64DB /* Constants.swift */ = {isa = PBXFileReference; fileEncoding = 4; lastKnownFileType = sourcecode.swift; path = Constants.swift; sourceTree = "<group>"; };
		2DE8E7B11E25448F002E64DB /* BaseAPI.swift */ = {isa = PBXFileReference; fileEncoding = 4; lastKnownFileType = sourcecode.swift; path = BaseAPI.swift; sourceTree = "<group>"; };
		2DE8E7B31E2544B1002E64DB /* Alamofire.framework */ = {isa = PBXFileReference; lastKnownFileType = wrapper.framework; name = Alamofire.framework; path = "../../../Library/Developer/Xcode/DerivedData/VKApp-ghmndtuiotrbxuajwrwtquparqvj/Build/Products/Debug-iphonesimulator/Alamofire/Alamofire.framework"; sourceTree = "<group>"; };
		2DE8E7B61E255363002E64DB /* AuthViewController.swift */ = {isa = PBXFileReference; fileEncoding = 4; lastKnownFileType = sourcecode.swift; path = AuthViewController.swift; sourceTree = "<group>"; };
		F8E761CA5E970A1AD921B798 /* Pods-VKApp.release.xcconfig */ = {isa = PBXFileReference; includeInIndex = 1; lastKnownFileType = text.xcconfig; name = "Pods-VKApp.release.xcconfig"; path = "Pods/Target Support Files/Pods-VKApp/Pods-VKApp.release.xcconfig"; sourceTree = "<group>"; };
		FA8B9EF8DC72748168277ABF /* Pods-VKApp.debug.xcconfig */ = {isa = PBXFileReference; includeInIndex = 1; lastKnownFileType = text.xcconfig; name = "Pods-VKApp.debug.xcconfig"; path = "Pods/Target Support Files/Pods-VKApp/Pods-VKApp.debug.xcconfig"; sourceTree = "<group>"; };
/* End PBXFileReference section */

/* Begin PBXFrameworksBuildPhase section */
		2DE8E7701E250195002E64DB /* Frameworks */ = {
			isa = PBXFrameworksBuildPhase;
			buildActionMask = 2147483647;
			files = (
				2D77F88E1E26ADB300BAA219 /* ObjectMapper.framework in Frameworks */,
				2D77F88C1E26AD8700BAA219 /* AlamofireObjectMapper.framework in Frameworks */,
				2D77F8751E263C6A00BAA219 /* SwiftyUserDefaults.framework in Frameworks */,
				2DE8E7B41E2544B1002E64DB /* Alamofire.framework in Frameworks */,
				A7A3D5AF30369CC54FF1A8EC /* Pods_VKApp.framework in Frameworks */,
			);
			runOnlyForDeploymentPostprocessing = 0;
		};
/* End PBXFrameworksBuildPhase section */

/* Begin PBXGroup section */
		2D77F8351E256E8D00BAA219 /* AuthManager */ = {
			isa = PBXGroup;
			children = (
				2D77F8361E256EA200BAA219 /* AuthManager.swift */,
			);
			path = AuthManager;
			sourceTree = "<group>";
		};
		2D77F83C1E25977A00BAA219 /* Main */ = {
			isa = PBXGroup;
			children = (
				2D77F84C1E259F8700BAA219 /* Add */,
				2D77F84E1E259F8700BAA219 /* Home */,
				2D77F8501E259F8700BAA219 /* Settings */,
				2DE8E7931E2504EA002E64DB /* Main.storyboard */,
				2D77F8631E25A64500BAA219 /* MainViewController.swift */,
			);
			path = Main;
			sourceTree = "<group>";
		};
		2D77F84C1E259F8700BAA219 /* Add */ = {
			isa = PBXGroup;
			children = (
				2D77F84D1E259F8700BAA219 /* AddViewController.swift */,
				2D77F8671E25C2D400BAA219 /* Add.storyboard */,
			);
			path = Add;
			sourceTree = "<group>";
		};
		2D77F84E1E259F8700BAA219 /* Home */ = {
			isa = PBXGroup;
			children = (
				2D77F8601E25A1CF00BAA219 /* Friends */,
				2D77F8551E25A0A600BAA219 /* Dialogues */,
				2D77F8561E25A0A600BAA219 /* News */,
				2D77F8571E25A0A600BAA219 /* Profile */,
				2D77F84F1E259F8700BAA219 /* HomeViewController.swift */,
				2D77F85E1E25A0FF00BAA219 /* Home.storyboard */,
			);
			path = Home;
			sourceTree = "<group>";
		};
		2D77F8501E259F8700BAA219 /* Settings */ = {
			isa = PBXGroup;
			children = (
				2D77F8511E259F8700BAA219 /* SettingsViewController.swift */,
				2D77F8691E262AC800BAA219 /* Settings.storyboard */,
			);
			path = Settings;
			sourceTree = "<group>";
		};
		2D77F8551E25A0A600BAA219 /* Dialogues */ = {
			isa = PBXGroup;
			children = (
				2D77F8581E25A0BA00BAA219 /* DialoguesViewController.swift */,
			);
			path = Dialogues;
			sourceTree = "<group>";
		};
		2D77F8561E25A0A600BAA219 /* News */ = {
			isa = PBXGroup;
			children = (
				2D77F85A1E25A0D000BAA219 /* NewsViewController.swift */,
			);
			path = News;
			sourceTree = "<group>";
		};
		2D77F8571E25A0A600BAA219 /* Profile */ = {
			isa = PBXGroup;
			children = (
				2D77F85C1E25A0E400BAA219 /* ProfileViewController.swift */,
				2D77F86B1E262E8F00BAA219 /* Profile.storyboard */,
			);
			path = Profile;
			sourceTree = "<group>";
		};
		2D77F8601E25A1CF00BAA219 /* Friends */ = {
			isa = PBXGroup;
			children = (
				2D77F8611E25A1DA00BAA219 /* FriendsViewController.swift */,
				2D77F86F1E2630C400BAA219 /* Friends.storyboard */,
			);
			path = Friends;
			sourceTree = "<group>";
		};
		2D77F8711E263AEA00BAA219 /* AppManager */ = {
			isa = PBXGroup;
			children = (
				2D77F8721E263AF900BAA219 /* AppManager.swift */,
			);
			path = AppManager;
			sourceTree = "<group>";
		};
		2D77F8761E267AAF00BAA219 /* AccessToken */ = {
			isa = PBXGroup;
			children = (
				2D77F8771E267AAF00BAA219 /* AccessToken.swift */,
			);
			path = AccessToken;
			sourceTree = "<group>";
		};
		2D77F8781E267AAF00BAA219 /* TabBarItem */ = {
			isa = PBXGroup;
			children = (
				2D77F8791E267AAF00BAA219 /* TabBarItem.swift */,
			);
			path = TabBarItem;
			sourceTree = "<group>";
		};
		2D77F87A1E267AAF00BAA219 /* User */ = {
			isa = PBXGroup;
			children = (
				2D77F8801E267BAF00BAA219 /* User.swift */,
			);
			path = User;
			sourceTree = "<group>";
		};
		2D77F87D1E267B5A00BAA219 /* Base */ = {
			isa = PBXGroup;
			children = (
				2D77F87E1E267B7000BAA219 /* BaseModel.swift */,
			);
			path = Base;
			sourceTree = "<group>";
		};
		2D77F8821E268A2F00BAA219 /* GET */ = {
			isa = PBXGroup;
			children = (
				2D77F8851E26A30300BAA219 /* MyProfileAPI */,
			);
			path = GET;
			sourceTree = "<group>";
		};
		2D77F8851E26A30300BAA219 /* MyProfileAPI */ = {
			isa = PBXGroup;
			children = (
				2D77F8861E26A31100BAA219 /* MyProfileAPI.swift */,
			);
			path = MyProfileAPI;
			sourceTree = "<group>";
		};
		2D77F8881E26AA1700BAA219 /* Profile */ = {
			isa = PBXGroup;
			children = (
				2D77F8891E26AA2700BAA219 /* Profile.swift */,
			);
			path = Profile;
			sourceTree = "<group>";
		};
		2D77F88F1E26B3B900BAA219 /* ApiManager */ = {
			isa = PBXGroup;
			children = (
				2D77F8901E26B3C600BAA219 /* ApiManager.swift */,
			);
			path = ApiManager;
			sourceTree = "<group>";
		};
		2D77F8921E26EFCC00BAA219 /* City */ = {
			isa = PBXGroup;
			children = (
				2D77F8941E26EFDB00BAA219 /* City.swift */,
			);
			path = City;
			sourceTree = "<group>";
		};
		2D77F8931E26EFCC00BAA219 /* Country */ = {
			isa = PBXGroup;
			children = (
				2D77F8961E26F02800BAA219 /* Country.swift */,
			);
			path = Country;
			sourceTree = "<group>";
		};
		2DE8E76A1E250195002E64DB = {
			isa = PBXGroup;
			children = (
				2DE8E7751E250195002E64DB /* VKApp */,
				2DE8E7741E250195002E64DB /* Products */,
				BA0C529E05DC2933093A182E /* Pods */,
				A797E73D610910FCE35107AC /* Frameworks */,
			);
			sourceTree = "<group>";
		};
		2DE8E7741E250195002E64DB /* Products */ = {
			isa = PBXGroup;
			children = (
				2DE8E7731E250195002E64DB /* VKApp.app */,
			);
			name = Products;
			sourceTree = "<group>";
		};
		2DE8E7751E250195002E64DB /* VKApp */ = {
			isa = PBXGroup;
			children = (
				2DE8E78B1E2504EA002E64DB /* Controllers */,
				2DE8E78E1E2504EA002E64DB /* Models */,
				2DE8E78D1E2504EA002E64DB /* Library */,
				2DE8E78F1E2504EA002E64DB /* Resources */,
				2DE8E7951E2504EA002E64DB /* Views */,
				2DE8E7881E2504EA002E64DB /* Application */,
			);
			path = VKApp;
			sourceTree = "<group>";
		};
		2DE8E7881E2504EA002E64DB /* Application */ = {
			isa = PBXGroup;
			children = (
				2DE8E7891E2504EA002E64DB /* AppDelegate.swift */,
				2DE8E78A1E2504EA002E64DB /* Info.plist */,
			);
			path = Application;
			sourceTree = "<group>";
		};
		2DE8E78B1E2504EA002E64DB /* Controllers */ = {
			isa = PBXGroup;
			children = (
				2DE8E79C1E251EA6002E64DB /* Login */,
				2D77F83C1E25977A00BAA219 /* Main */,
			);
			path = Controllers;
			sourceTree = "<group>";
		};
		2DE8E78D1E2504EA002E64DB /* Library */ = {
			isa = PBXGroup;
			children = (
				2DE8E7A91E253305002E64DB /* Base classes */,
				2DE8E7AB1E253305002E64DB /* Helpers */,
				2DE8E7AA1E253305002E64DB /* Constants */,
			);
			path = Library;
			sourceTree = "<group>";
		};
		2DE8E78E1E2504EA002E64DB /* Models */ = {
			isa = PBXGroup;
			children = (
				2D77F8921E26EFCC00BAA219 /* City */,
				2D77F8931E26EFCC00BAA219 /* Country */,
				2D77F8881E26AA1700BAA219 /* Profile */,
				2D77F87D1E267B5A00BAA219 /* Base */,
				2D77F8761E267AAF00BAA219 /* AccessToken */,
				2D77F8781E267AAF00BAA219 /* TabBarItem */,
				2D77F87A1E267AAF00BAA219 /* User */,
			);
			path = Models;
			sourceTree = "<group>";
		};
		2DE8E78F1E2504EA002E64DB /* Resources */ = {
			isa = PBXGroup;
			children = (
				2DE8E7901E2504EA002E64DB /* Assets.xcassets */,
				2DE8E7911E2504EA002E64DB /* LaunchScreen.storyboard */,
			);
			path = Resources;
			sourceTree = "<group>";
		};
		2DE8E7951E2504EA002E64DB /* Views */ = {
			isa = PBXGroup;
			children = (
			);
			path = Views;
			sourceTree = "<group>";
		};
		2DE8E79C1E251EA6002E64DB /* Login */ = {
			isa = PBXGroup;
			children = (
				2DE8E7B51E25534E002E64DB /* Auth */,
				2DE8E79D1E251F18002E64DB /* LoginViewController.swift */,
				2DE8E7A11E251F90002E64DB /* Login.storyboard */,
			);
			path = Login;
			sourceTree = "<group>";
		};
		2DE8E7A91E253305002E64DB /* Base classes */ = {
			isa = PBXGroup;
			children = (
				2D77F8461E259A9C00BAA219 /* BaseViewController.swift */,
			);
			path = "Base classes";
			sourceTree = "<group>";
		};
		2DE8E7AA1E253305002E64DB /* Constants */ = {
			isa = PBXGroup;
			children = (
				2DE8E7AF1E253315002E64DB /* Constants.swift */,
			);
			path = Constants;
			sourceTree = "<group>";
		};
		2DE8E7AB1E253305002E64DB /* Helpers */ = {
			isa = PBXGroup;
			children = (
				2D77F88F1E26B3B900BAA219 /* ApiManager */,
				2D77F8711E263AEA00BAA219 /* AppManager */,
				2D77F8351E256E8D00BAA219 /* AuthManager */,
				2DE8E7AC1E253305002E64DB /* API */,
				2DE8E7AD1E253305002E64DB /* Base objects extensions */,
				2DE8E7AE1E253305002E64DB /* Router */,
			);
			path = Helpers;
			sourceTree = "<group>";
		};
		2DE8E7AC1E253305002E64DB /* API */ = {
			isa = PBXGroup;
			children = (
				2DE8E7B11E25448F002E64DB /* BaseAPI.swift */,
				2D77F8821E268A2F00BAA219 /* GET */,
			);
			path = API;
			sourceTree = "<group>";
		};
		2DE8E7AD1E253305002E64DB /* Base objects extensions */ = {
			isa = PBXGroup;
			children = (
				2D77F83A1E25752300BAA219 /* UIViewController + Utils.swift */,
			);
			path = "Base objects extensions";
			sourceTree = "<group>";
		};
		2DE8E7AE1E253305002E64DB /* Router */ = {
			isa = PBXGroup;
			children = (
			);
			path = Router;
			sourceTree = "<group>";
		};
		2DE8E7B51E25534E002E64DB /* Auth */ = {
			isa = PBXGroup;
			children = (
				2DE8E7B61E255363002E64DB /* AuthViewController.swift */,
			);
			path = Auth;
			sourceTree = "<group>";
		};
		A797E73D610910FCE35107AC /* Frameworks */ = {
			isa = PBXGroup;
			children = (
				2D77F88D1E26ADB300BAA219 /* ObjectMapper.framework */,
				2D77F88B1E26AD8700BAA219 /* AlamofireObjectMapper.framework */,
				2D77F8741E263C6A00BAA219 /* SwiftyUserDefaults.framework */,
				2DE8E7B31E2544B1002E64DB /* Alamofire.framework */,
				2DE8E7A71E252FA3002E64DB /* VK_ios_sdk.framework */,
				0483D497921F7302641FB148 /* Pods_VKApp.framework */,
			);
			name = Frameworks;
			sourceTree = "<group>";
		};
		BA0C529E05DC2933093A182E /* Pods */ = {
			isa = PBXGroup;
			children = (
				FA8B9EF8DC72748168277ABF /* Pods-VKApp.debug.xcconfig */,
				F8E761CA5E970A1AD921B798 /* Pods-VKApp.release.xcconfig */,
			);
			name = Pods;
			sourceTree = "<group>";
		};
/* End PBXGroup section */

/* Begin PBXNativeTarget section */
		2DE8E7721E250195002E64DB /* VKApp */ = {
			isa = PBXNativeTarget;
			buildConfigurationList = 2DE8E7851E250195002E64DB /* Build configuration list for PBXNativeTarget "VKApp" */;
			buildPhases = (
				989E9C348943CE560F026789 /* [CP] Check Pods Manifest.lock */,
				2DE8E76F1E250195002E64DB /* Sources */,
				2DE8E7701E250195002E64DB /* Frameworks */,
				2DE8E7711E250195002E64DB /* Resources */,
				9E4B48C9C9EA152FB340C997 /* [CP] Embed Pods Frameworks */,
				A90303EC09098E36C18D04E3 /* [CP] Copy Pods Resources */,
			);
			buildRules = (
			);
			dependencies = (
			);
			name = VKApp;
			productName = VKApp;
			productReference = 2DE8E7731E250195002E64DB /* VKApp.app */;
			productType = "com.apple.product-type.application";
		};
/* End PBXNativeTarget section */

/* Begin PBXProject section */
		2DE8E76B1E250195002E64DB /* Project object */ = {
			isa = PBXProject;
			attributes = {
				LastSwiftUpdateCheck = 0820;
				LastUpgradeCheck = 0820;
				ORGANIZATIONNAME = "Sergey Lyubeznov";
				TargetAttributes = {
					2DE8E7721E250195002E64DB = {
						CreatedOnToolsVersion = 8.2.1;
						DevelopmentTeam = YRL58ZDY3G;
						ProvisioningStyle = Automatic;
					};
				};
			};
			buildConfigurationList = 2DE8E76E1E250195002E64DB /* Build configuration list for PBXProject "VKApp" */;
			compatibilityVersion = "Xcode 3.2";
			developmentRegion = English;
			hasScannedForEncodings = 0;
			knownRegions = (
				en,
				Base,
			);
			mainGroup = 2DE8E76A1E250195002E64DB;
			productRefGroup = 2DE8E7741E250195002E64DB /* Products */;
			projectDirPath = "";
			projectRoot = "";
			targets = (
				2DE8E7721E250195002E64DB /* VKApp */,
			);
		};
/* End PBXProject section */

/* Begin PBXResourcesBuildPhase section */
		2DE8E7711E250195002E64DB /* Resources */ = {
			isa = PBXResourcesBuildPhase;
			buildActionMask = 2147483647;
			files = (
				2DE8E79A1E2504EA002E64DB /* LaunchScreen.storyboard in Resources */,
				2DE8E7991E2504EA002E64DB /* Assets.xcassets in Resources */,
				2D77F8681E25C2D400BAA219 /* Add.storyboard in Resources */,
				2D77F86A1E262AC800BAA219 /* Settings.storyboard in Resources */,
				2DE8E7971E2504EA002E64DB /* Info.plist in Resources */,
				2D77F85F1E25A0FF00BAA219 /* Home.storyboard in Resources */,
				2D77F8701E2630C400BAA219 /* Friends.storyboard in Resources */,
				2D77F86C1E262E8F00BAA219 /* Profile.storyboard in Resources */,
				2DE8E7A21E251F90002E64DB /* Login.storyboard in Resources */,
				2DE8E79B1E2504EA002E64DB /* Main.storyboard in Resources */,
			);
			runOnlyForDeploymentPostprocessing = 0;
		};
/* End PBXResourcesBuildPhase section */

/* Begin PBXShellScriptBuildPhase section */
		989E9C348943CE560F026789 /* [CP] Check Pods Manifest.lock */ = {
			isa = PBXShellScriptBuildPhase;
			buildActionMask = 2147483647;
			files = (
			);
			inputPaths = (
			);
			name = "[CP] Check Pods Manifest.lock";
			outputPaths = (
			);
			runOnlyForDeploymentPostprocessing = 0;
			shellPath = /bin/sh;
			shellScript = "diff \"${PODS_ROOT}/../Podfile.lock\" \"${PODS_ROOT}/Manifest.lock\" > /dev/null\nif [ $? != 0 ] ; then\n    # print error to STDERR\n    echo \"error: The sandbox is not in sync with the Podfile.lock. Run 'pod install' or update your CocoaPods installation.\" >&2\n    exit 1\nfi\n";
			showEnvVarsInLog = 0;
		};
		9E4B48C9C9EA152FB340C997 /* [CP] Embed Pods Frameworks */ = {
			isa = PBXShellScriptBuildPhase;
			buildActionMask = 2147483647;
			files = (
			);
			inputPaths = (
			);
			name = "[CP] Embed Pods Frameworks";
			outputPaths = (
			);
			runOnlyForDeploymentPostprocessing = 0;
			shellPath = /bin/sh;
			shellScript = "\"${SRCROOT}/Pods/Target Support Files/Pods-VKApp/Pods-VKApp-frameworks.sh\"\n";
			showEnvVarsInLog = 0;
		};
		A90303EC09098E36C18D04E3 /* [CP] Copy Pods Resources */ = {
			isa = PBXShellScriptBuildPhase;
			buildActionMask = 2147483647;
			files = (
			);
			inputPaths = (
			);
			name = "[CP] Copy Pods Resources";
			outputPaths = (
			);
			runOnlyForDeploymentPostprocessing = 0;
			shellPath = /bin/sh;
			shellScript = "\"${SRCROOT}/Pods/Target Support Files/Pods-VKApp/Pods-VKApp-resources.sh\"\n";
			showEnvVarsInLog = 0;
		};
/* End PBXShellScriptBuildPhase section */

/* Begin PBXSourcesBuildPhase section */
		2DE8E76F1E250195002E64DB /* Sources */ = {
			isa = PBXSourcesBuildPhase;
			buildActionMask = 2147483647;
			files = (
				2D77F8621E25A1DA00BAA219 /* FriendsViewController.swift in Sources */,
				2D77F8521E259F8700BAA219 /* AddViewController.swift in Sources */,
				2DE8E79E1E251F18002E64DB /* LoginViewController.swift in Sources */,
				2D77F88A1E26AA2700BAA219 /* Profile.swift in Sources */,
				2D77F8971E26F02800BAA219 /* Country.swift in Sources */,
				2D77F8371E256EA200BAA219 /* AuthManager.swift in Sources */,
				2D77F83B1E25752300BAA219 /* UIViewController + Utils.swift in Sources */,
				2D77F8951E26EFDB00BAA219 /* City.swift in Sources */,
				2DE8E7961E2504EA002E64DB /* AppDelegate.swift in Sources */,
				2D77F8591E25A0BA00BAA219 /* DialoguesViewController.swift in Sources */,
				2D77F8641E25A64500BAA219 /* MainViewController.swift in Sources */,
				2DE8E7B01E253315002E64DB /* Constants.swift in Sources */,
				2D77F8471E259A9C00BAA219 /* BaseViewController.swift in Sources */,
				2D77F8531E259F8700BAA219 /* HomeViewController.swift in Sources */,
				2D77F87B1E267AAF00BAA219 /* AccessToken.swift in Sources */,
				2DE8E7B71E255363002E64DB /* AuthViewController.swift in Sources */,
				2D77F87C1E267AAF00BAA219 /* TabBarItem.swift in Sources */,
				2D77F87F1E267B7000BAA219 /* BaseModel.swift in Sources */,
				2D77F8911E26B3C600BAA219 /* ApiManager.swift in Sources */,
				2DE8E7B21E25448F002E64DB /* BaseAPI.swift in Sources */,
				2D77F8731E263AF900BAA219 /* AppManager.swift in Sources */,
				2D77F85B1E25A0D000BAA219 /* NewsViewController.swift in Sources */,
				2D77F8871E26A31100BAA219 /* MyProfileAPI.swift in Sources */,
				2D77F85D1E25A0E400BAA219 /* ProfileViewController.swift in Sources */,
				2D77F8541E259F8700BAA219 /* SettingsViewController.swift in Sources */,
				2D77F8811E267BAF00BAA219 /* User.swift in Sources */,
			);
			runOnlyForDeploymentPostprocessing = 0;
		};
/* End PBXSourcesBuildPhase section */

/* Begin PBXVariantGroup section */
		2DE8E7911E2504EA002E64DB /* LaunchScreen.storyboard */ = {
			isa = PBXVariantGroup;
			children = (
				2DE8E7921E2504EA002E64DB /* Base */,
			);
			name = LaunchScreen.storyboard;
			sourceTree = "<group>";
		};
		2DE8E7931E2504EA002E64DB /* Main.storyboard */ = {
			isa = PBXVariantGroup;
			children = (
				2DE8E7941E2504EA002E64DB /* Base */,
			);
			name = Main.storyboard;
			path = ../../Resources;
			sourceTree = "<group>";
		};
/* End PBXVariantGroup section */

/* Begin XCBuildConfiguration section */
		2DE8E7831E250195002E64DB /* Debug */ = {
			isa = XCBuildConfiguration;
			buildSettings = {
				ALWAYS_SEARCH_USER_PATHS = NO;
				CLANG_ANALYZER_NONNULL = YES;
				CLANG_CXX_LANGUAGE_STANDARD = "gnu++0x";
				CLANG_CXX_LIBRARY = "libc++";
				CLANG_ENABLE_MODULES = YES;
				CLANG_ENABLE_OBJC_ARC = YES;
				CLANG_WARN_BOOL_CONVERSION = YES;
				CLANG_WARN_CONSTANT_CONVERSION = YES;
				CLANG_WARN_DIRECT_OBJC_ISA_USAGE = YES_ERROR;
				CLANG_WARN_DOCUMENTATION_COMMENTS = YES;
				CLANG_WARN_EMPTY_BODY = YES;
				CLANG_WARN_ENUM_CONVERSION = YES;
				CLANG_WARN_INFINITE_RECURSION = YES;
				CLANG_WARN_INT_CONVERSION = YES;
				CLANG_WARN_OBJC_ROOT_CLASS = YES_ERROR;
				CLANG_WARN_SUSPICIOUS_MOVE = YES;
				CLANG_WARN_UNREACHABLE_CODE = YES;
				CLANG_WARN__DUPLICATE_METHOD_MATCH = YES;
				"CODE_SIGN_IDENTITY[sdk=iphoneos*]" = "iPhone Developer";
				COPY_PHASE_STRIP = NO;
				DEBUG_INFORMATION_FORMAT = dwarf;
				ENABLE_STRICT_OBJC_MSGSEND = YES;
				ENABLE_TESTABILITY = YES;
				GCC_C_LANGUAGE_STANDARD = gnu99;
				GCC_DYNAMIC_NO_PIC = NO;
				GCC_NO_COMMON_BLOCKS = YES;
				GCC_OPTIMIZATION_LEVEL = 0;
				GCC_PREPROCESSOR_DEFINITIONS = (
					"DEBUG=1",
					"$(inherited)",
				);
				GCC_WARN_64_TO_32_BIT_CONVERSION = YES;
				GCC_WARN_ABOUT_RETURN_TYPE = YES_ERROR;
				GCC_WARN_UNDECLARED_SELECTOR = YES;
				GCC_WARN_UNINITIALIZED_AUTOS = YES_AGGRESSIVE;
				GCC_WARN_UNUSED_FUNCTION = YES;
				GCC_WARN_UNUSED_VARIABLE = YES;
				IPHONEOS_DEPLOYMENT_TARGET = 10.2;
				MTL_ENABLE_DEBUG_INFO = YES;
				ONLY_ACTIVE_ARCH = YES;
				SDKROOT = iphoneos;
				SWIFT_ACTIVE_COMPILATION_CONDITIONS = DEBUG;
				SWIFT_OPTIMIZATION_LEVEL = "-Onone";
			};
			name = Debug;
		};
		2DE8E7841E250195002E64DB /* Release */ = {
			isa = XCBuildConfiguration;
			buildSettings = {
				ALWAYS_SEARCH_USER_PATHS = NO;
				CLANG_ANALYZER_NONNULL = YES;
				CLANG_CXX_LANGUAGE_STANDARD = "gnu++0x";
				CLANG_CXX_LIBRARY = "libc++";
				CLANG_ENABLE_MODULES = YES;
				CLANG_ENABLE_OBJC_ARC = YES;
				CLANG_WARN_BOOL_CONVERSION = YES;
				CLANG_WARN_CONSTANT_CONVERSION = YES;
				CLANG_WARN_DIRECT_OBJC_ISA_USAGE = YES_ERROR;
				CLANG_WARN_DOCUMENTATION_COMMENTS = YES;
				CLANG_WARN_EMPTY_BODY = YES;
				CLANG_WARN_ENUM_CONVERSION = YES;
				CLANG_WARN_INFINITE_RECURSION = YES;
				CLANG_WARN_INT_CONVERSION = YES;
				CLANG_WARN_OBJC_ROOT_CLASS = YES_ERROR;
				CLANG_WARN_SUSPICIOUS_MOVE = YES;
				CLANG_WARN_UNREACHABLE_CODE = YES;
				CLANG_WARN__DUPLICATE_METHOD_MATCH = YES;
				"CODE_SIGN_IDENTITY[sdk=iphoneos*]" = "iPhone Developer";
				COPY_PHASE_STRIP = NO;
				DEBUG_INFORMATION_FORMAT = "dwarf-with-dsym";
				ENABLE_NS_ASSERTIONS = NO;
				ENABLE_STRICT_OBJC_MSGSEND = YES;
				GCC_C_LANGUAGE_STANDARD = gnu99;
				GCC_NO_COMMON_BLOCKS = YES;
				GCC_WARN_64_TO_32_BIT_CONVERSION = YES;
				GCC_WARN_ABOUT_RETURN_TYPE = YES_ERROR;
				GCC_WARN_UNDECLARED_SELECTOR = YES;
				GCC_WARN_UNINITIALIZED_AUTOS = YES_AGGRESSIVE;
				GCC_WARN_UNUSED_FUNCTION = YES;
				GCC_WARN_UNUSED_VARIABLE = YES;
				IPHONEOS_DEPLOYMENT_TARGET = 10.2;
				MTL_ENABLE_DEBUG_INFO = NO;
				SDKROOT = iphoneos;
				SWIFT_OPTIMIZATION_LEVEL = "-Owholemodule";
				VALIDATE_PRODUCT = YES;
			};
			name = Release;
		};
		2DE8E7861E250195002E64DB /* Debug */ = {
			isa = XCBuildConfiguration;
			baseConfigurationReference = FA8B9EF8DC72748168277ABF /* Pods-VKApp.debug.xcconfig */;
			buildSettings = {
				ASSETCATALOG_COMPILER_APPICON_NAME = AppIcon;
				DEVELOPMENT_TEAM = YRL58ZDY3G;
				INFOPLIST_FILE = "$(SRCROOT)/VKApp/Application/Info.plist";
				LD_RUNPATH_SEARCH_PATHS = "$(inherited) @executable_path/Frameworks";
				PRODUCT_BUNDLE_IDENTIFIER = home.VKApp.testAPP;
				PRODUCT_NAME = "$(TARGET_NAME)";
				SWIFT_VERSION = 3.0;
			};
			name = Debug;
		};
		2DE8E7871E250195002E64DB /* Release */ = {
			isa = XCBuildConfiguration;
			baseConfigurationReference = F8E761CA5E970A1AD921B798 /* Pods-VKApp.release.xcconfig */;
			buildSettings = {
				ASSETCATALOG_COMPILER_APPICON_NAME = AppIcon;
				DEVELOPMENT_TEAM = YRL58ZDY3G;
				INFOPLIST_FILE = "$(SRCROOT)/VKApp/Application/Info.plist";
				LD_RUNPATH_SEARCH_PATHS = "$(inherited) @executable_path/Frameworks";
				PRODUCT_BUNDLE_IDENTIFIER = home.VKApp.testAPP;
				PRODUCT_NAME = "$(TARGET_NAME)";
				SWIFT_VERSION = 3.0;
			};
			name = Release;
		};
/* End XCBuildConfiguration section */

/* Begin XCConfigurationList section */
		2DE8E76E1E250195002E64DB /* Build configuration list for PBXProject "VKApp" */ = {
			isa = XCConfigurationList;
			buildConfigurations = (
				2DE8E7831E250195002E64DB /* Debug */,
				2DE8E7841E250195002E64DB /* Release */,
			);
			defaultConfigurationIsVisible = 0;
			defaultConfigurationName = Release;
		};
		2DE8E7851E250195002E64DB /* Build configuration list for PBXNativeTarget "VKApp" */ = {
			isa = XCConfigurationList;
			buildConfigurations = (
				2DE8E7861E250195002E64DB /* Debug */,
				2DE8E7871E250195002E64DB /* Release */,
			);
			defaultConfigurationIsVisible = 0;
			defaultConfigurationName = Release;
		};
/* End XCConfigurationList section */
	};
	rootObject = 2DE8E76B1E250195002E64DB /* Project object */;
}
